{
  "name": "dcl-project",
  "version": "1.0.0",
  "lockfileVersion": 1,
  "requires": true,
  "dependencies": {
    "commander": {
      "version": "2.19.0",
      "resolved": "https://registry.npmjs.org/commander/-/commander-2.19.0.tgz",
      "integrity": "sha512-6tvAOO+D6OENvRAh524Dh9jcfKTYDQAqvqezbCW82xj5X0pSrcpxtvRKHLG0yBY6SD7PSDrJaj+0AiOcKVd1Xg==",
      "dev": true
    },
    "decentraland": {
      "version": "2.2.6",
      "resolved": "https://registry.npmjs.org/decentraland/-/decentraland-2.2.6.tgz",
      "integrity": "sha512-r5hl99WCsxLxi5/F9ps4Sz/mjBewkfD0vb1w8fiTooI7vTvKVf/RLvHjvgfoudUnXnv+oYO2Sj2zGc9SdbAEhg=="
    },
    "decentraland-ecs": {
      "version": "5.0.1-20190409173745.commit-93a3d56",
      "resolved": "https://registry.npmjs.org/decentraland-ecs/-/decentraland-ecs-5.0.1-20190409173745.commit-93a3d56.tgz",
      "integrity": "sha512-H1HEXrFkqZZMJhiz84UsPkay/ePdTJu0hSM/13VldaEteN+7jsOSmH/4sMc4BdVW62mymnGRlBX76BCRXPGgmw==",
      "dev": true,
      "requires": {
        "typescript": "^3.2.2",
        "uglify-js": "^3.5.2"
      }
    },
    "source-map": {
      "version": "0.6.1",
      "resolved": "https://registry.npmjs.org/source-map/-/source-map-0.6.1.tgz",
      "integrity": "sha512-UjgapumWlbMhkBgzT7Ykc5YXUT46F0iKu8SGXq0bcwP5dz/h0Plj6enJqjz1Zbq2l5WaqYnrVbwWOWMyF3F47g==",
      "dev": true
    },
    "typescript": {
      "version": "3.4.2",
      "resolved": "https://registry.npmjs.org/typescript/-/typescript-3.4.2.tgz",
      "integrity": "sha512-Og2Vn6Mk7JAuWA1hQdDQN/Ekm/SchX80VzLhjKN9ETYrIepBFAd8PkOdOTK2nKt0FCkmMZKBJvQ1dV1gIxPu/A==",
      "dev": true
    },
    "uglify-js": {
      "version": "3.5.3",
      "resolved": "https://registry.npmjs.org/uglify-js/-/uglify-js-3.5.3.tgz",
      "integrity": "sha512-rIQPT2UMDnk4jRX+w4WO84/pebU2jiLsjgIyrCktYgSvx28enOE3iYQMr+BD1rHiitWnDmpu0cY/LfIEpKcjcw==",
      "dev": true,
      "requires": {
        "commander": "~2.19.0",
        "source-map": "~0.6.1"
      }
    }
  }
}
